# This file is autogenerated, do not edit; changes may be undone by the next 'dep ensure'.


[[projects]]
  branch = "master"
  name = "github.com/ipipdotnet/datx-go"
  packages = ["."]
  revision = "5375f9cacee3702d216402337160cdeb96444bd3"

[solve-meta]
  analyzer-name = "dep"
  analyzer-version = 1
  inputs-digest = "1a82ee3f0ce710111a22575712966f8e45ef8300045a23b841339dc65e82780d"
  solver-name = "gps-cdcl"
  solver-version = 1
